
Microsoft Visual Studio Solution File, Format Version 12.00
# Visual Studio 15
VisualStudioVersion = 15.0.28307.329
MinimumVisualStudioVersion = 10.0.40219.1
Project("{8BC9CEB8-8B4A-11D0-8D11-00A0C91BC942}") = "Namiono", "Namiono\Namiono.vcxproj", "{2EE65FA1-6155-40E4-A69F-77BA7D91489D}"
	ProjectSection(ProjectDependencies) = postProject
		{858F71EE-67F2-4283-881C-E49CC4B4C67D} = {858F71EE-67F2-4283-881C-E49CC4B4C67D}
		{9C7B65F2-CA14-4646-91EC-AA3C31971C85} = {9C7B65F2-CA14-4646-91EC-AA3C31971C85}
	EndProjectSection
EndProject
Project("{8BC9CEB8-8B4A-11D0-8D11-00A0C91BC942}") = "Namiono-Server", "Namiono-Server\Namiono-Server.vcxproj", "{9C7B65F2-CA14-4646-91EC-AA3C31971C85}"
EndProject
Project("{8BC9CEB8-8B4A-11D0-8D11-00A0C91BC942}") = "Namiono-Common", "Namiono-Common\Namiono-Common.vcxproj", "{858F71EE-67F2-4283-881C-E49CC4B4C67D}"
	ProjectSection(ProjectDependencies) = postProject
		{9C7B65F2-CA14-4646-91EC-AA3C31971C85} = {9C7B65F2-CA14-4646-91EC-AA3C31971C85}
	EndProjectSection
EndProject
Project("{8BC9CEB8-8B4A-11D0-8D11-00A0C91BC942}") = "Namiono-Envirionment", "Namiono-Envirionment\Namiono-Envirionment.vcxproj", "{EB4F0A95-C173-4E44-AB56-6070CE4FE67D}"
EndProject
Global
	GlobalSection(SolutionConfigurationPlatforms) = preSolution
		Debug|x64 = Debug|x64
		Debug|x86 = Debug|x86
		Release|x64 = Release|x64
		Release|x86 = Release|x86
	EndGlobalSection
	GlobalSection(ProjectConfigurationPlatforms) = postSolution
		{2EE65FA1-6155-40E4-A69F-77BA7D91489D}.Debug|x64.ActiveCfg = Debug|x64
		{2EE65FA1-6155-40E4-A69F-77BA7D91489D}.Debug|x64.Build.0 = Debug|x64
		{2EE65FA1-6155-40E4-A69F-77BA7D91489D}.Debug|x86.ActiveCfg = Debug|Win32
		{2EE65FA1-6155-40E4-A69F-77BA7D91489D}.Debug|x86.Build.0 = Debug|Win32
		{2EE65FA1-6155-40E4-A69F-77BA7D91489D}.Release|x64.ActiveCfg = Release|x64
		{2EE65FA1-6155-40E4-A69F-77BA7D91489D}.Release|x64.Build.0 = Release|x64
		{2EE65FA1-6155-40E4-A69F-77BA7D91489D}.Release|x86.ActiveCfg = Release|Win32
		{2EE65FA1-6155-40E4-A69F-77BA7D91489D}.Release|x86.Build.0 = Release|Win32
		{9C7B65F2-CA14-4646-91EC-AA3C31971C85}.Debug|x64.ActiveCfg = Debug|x64
		{9C7B65F2-CA14-4646-91EC-AA3C31971C85}.Debug|x64.Build.0 = Debug|x64
		{9C7B65F2-CA14-4646-91EC-AA3C31971C85}.Debug|x86.ActiveCfg = Debug|Win32
		{9C7B65F2-CA14-4646-91EC-AA3C31971C85}.Debug|x86.Build.0 = Debug|Win32
		{9C7B65F2-CA14-4646-91EC-AA3C31971C85}.Release|x64.ActiveCfg = Release|x64
		{9C7B65F2-CA14-4646-91EC-AA3C31971C85}.Release|x64.Build.0 = Release|x64
		{9C7B65F2-CA14-4646-91EC-AA3C31971C85}.Release|x86.ActiveCfg = Release|Win32
		{9C7B65F2-CA14-4646-91EC-AA3C31971C85}.Release|x86.Build.0 = Release|Win32
		{858F71EE-67F2-4283-881C-E49CC4B4C67D}.Debug|x64.ActiveCfg = Debug|x64
		{858F71EE-67F2-4283-881C-E49CC4B4C67D}.Debug|x64.Build.0 = Debug|x64
		{858F71EE-67F2-4283-881C-E49CC4B4C67D}.Debug|x86.ActiveCfg = Debug|Win32
		{858F71EE-67F2-4283-881C-E49CC4B4C67D}.Debug|x86.Build.0 = Debug|Win32
		{858F71EE-67F2-4283-881C-E49CC4B4C67D}.Release|x64.ActiveCfg = Release|x64
		{858F71EE-67F2-4283-881C-E49CC4B4C67D}.Release|x64.Build.0 = Release|x64
		{858F71EE-67F2-4283-881C-E49CC4B4C67D}.Release|x86.ActiveCfg = Release|Win32
		{858F71EE-67F2-4283-881C-E49CC4B4C67D}.Release|x86.Build.0 = Release|Win32
		{EB4F0A95-C173-4E44-AB56-6070CE4FE67D}.Debug|x64.ActiveCfg = Debug|x64
		{EB4F0A95-C173-4E44-AB56-6070CE4FE67D}.Debug|x64.Build.0 = Debug|x64
		{EB4F0A95-C173-4E44-AB56-6070CE4FE67D}.Debug|x86.ActiveCfg = Debug|Win32
		{EB4F0A95-C173-4E44-AB56-6070CE4FE67D}.Debug|x86.Build.0 = Debug|Win32
		{EB4F0A95-C173-4E44-AB56-6070CE4FE67D}.Release|x64.ActiveCfg = Release|x64
		{EB4F0A95-C173-4E44-AB56-6070CE4FE67D}.Release|x64.Build.0 = Release|x64
		{EB4F0A95-C173-4E44-AB56-6070CE4FE67D}.Release|x86.ActiveCfg = Release|Win32
		{EB4F0A95-C173-4E44-AB56-6070CE4FE67D}.Release|x86.Build.0 = Release|Win32
	EndGlobalSection
	GlobalSection(SolutionProperties) = preSolution
		HideSolutionNode = FALSE
	EndGlobalSection
	GlobalSection(ExtensibilityGlobals) = postSolution
		SolutionGuid = {FC65918D-6F18-42CE-BD11-4CD7D8BB0A75}
	EndGlobalSection
EndGlobal
