<?xml version="1.0" encoding="utf-8"?>
<Project ToolsVersion="4.0" xmlns="http://schemas.microsoft.com/developer/msbuild/2003">
  <ItemGroup>
    <Filter Include="Quelldateien">
      <UniqueIdentifier>{4FC737F1-C7A5-4376-A066-2A32D752A2FF}</UniqueIdentifier>
      <Extensions>cpp;c;cc;cxx;def;odl;idl;hpj;bat;asm;asmx</Extensions>
    </Filter>
    <Filter Include="Headerdateien">
      <UniqueIdentifier>{93995380-89BD-4b04-88EB-625FBE52EBFB}</UniqueIdentifier>
      <Extensions>h;hh;hpp;hxx;hm;inl;inc;ipp;xsd</Extensions>
    </Filter>
    <Filter Include="Ressourcendateien">
      <UniqueIdentifier>{67DA6AB6-F800-4c08-8B7A-83BB121AAD01}</UniqueIdentifier>
      <Extensions>rc;ico;cur;bmp;dlg;rc2;rct;bin;rgs;gif;jpg;jpeg;jpe;resx;tiff;tif;png;wav;mfcribbon-ms</Extensions>
    </Filter>
  </ItemGroup>
  <ItemGroup>
    <ClInclude Include="src\Environment\environment.h">
      <Filter>Headerdateien</Filter>
    </ClInclude>
    <ClInclude Include="src\Environment\environment_linux.h">
      <Filter>Headerdateien</Filter>
    </ClInclude>
    <ClInclude Include="src\Environment\environment_windows.h">
      <Filter>Headerdateien</Filter>
    </ClInclude>
    <ClInclude Include="src\Namiono\Common\Filesystem.h">
      <Filter>Headerdateien</Filter>
    </ClInclude>
    <ClInclude Include="src\Namiono\Common\Functions.h">
      <Filter>Headerdateien</Filter>
    </ClInclude>
    <ClInclude Include="src\Namiono\Network\Client\Client.h">
      <Filter>Headerdateien</Filter>
    </ClInclude>
    <ClInclude Include="src\Namiono\Network\Packet\Packet.h">
      <Filter>Headerdateien</Filter>
    </ClInclude>
    <ClInclude Include="src\Namiono\Network\Server\Interface.h">
      <Filter>Headerdateien</Filter>
    </ClInclude>
    <ClInclude Include="src\Namiono\Network\Server\Server.h">
      <Filter>Headerdateien</Filter>
    </ClInclude>
    <ClInclude Include="src\Namiono\Network\Network.h">
      <Filter>Headerdateien</Filter>
    </ClInclude>
    <ClInclude Include="src\Namiono\Services\DHCP\DHCP_Functions.h">
      <Filter>Headerdateien</Filter>
    </ClInclude>
    <ClInclude Include="src\Namiono\Services\DHCP\DHCP_Service.h">
      <Filter>Headerdateien</Filter>
    </ClInclude>
    <ClInclude Include="src\Namiono\Services\DHCP\ProxyDHCP_Service.h">
      <Filter>Headerdateien</Filter>
    </ClInclude>
    <ClInclude Include="src\Namiono\Services\TFTP\TFTP_Service.h">
      <Filter>Headerdateien</Filter>
    </ClInclude>
    <ClInclude Include="src\Namiono\Services\Service.h">
      <Filter>Headerdateien</Filter>
    </ClInclude>
    <ClInclude Include="src\Namiono\Namiono.h">
      <Filter>Headerdateien</Filter>
    </ClInclude>
    <ClInclude Include="src\Namiono\Network\Client\DHCP\WDS\WDS_Client.h">
      <Filter>Headerdateien</Filter>
    </ClInclude>
    <ClInclude Include="src\Namiono\Network\Client\DHCP\DHCP_Client.h">
      <Filter>Headerdateien</Filter>
    </ClInclude>
    <ClInclude Include="src\Namiono\Network\Client\DHCP\BSDP\BSDP_Client.h">
      <Filter>Headerdateien</Filter>
    </ClInclude>
    <ClInclude Include="src\Namiono\Network\Client\DHCP\RBCP\RBCP_Client.h">
      <Filter>Headerdateien</Filter>
    </ClInclude>
    <ClInclude Include="src\Namiono\Network\Client\DHCP\IPXE\IPXE_Client.h">
      <Filter>Headerdateien</Filter>
    </ClInclude>
    <ClInclude Include="src\Namiono\Network\Client\TFTP\TFTP_Client.h">
      <Filter>Headerdateien</Filter>
    </ClInclude>
    <ClInclude Include="src\Namiono\Defines\DHCP\DHCP_Defines.h">
      <Filter>Headerdateien</Filter>
    </ClInclude>
    <ClInclude Include="src\Namiono\Defines\TFTP\TFTP_Defines.h">
      <Filter>Headerdateien</Filter>
    </ClInclude>
    <ClInclude Include="src\Namiono\Defines\DHCP\RBCP\RBCP_Defines.h">
      <Filter>Headerdateien</Filter>
    </ClInclude>
    <ClInclude Include="src\Namiono\Defines\DHCP\WDS\WDS_Defines.h">
      <Filter>Headerdateien</Filter>
    </ClInclude>
    <ClInclude Include="src\Namiono\Defines\DHCP\IPXE\IPXE_Defines.h">
      <Filter>Headerdateien</Filter>
    </ClInclude>
    <ClInclude Include="src\Namiono\Defines\DHCP\BSDP\BSDP_Defines.h">
      <Filter>Headerdateien</Filter>
    </ClInclude>
    <ClInclude Include="src\Namiono\Defines\Namiono_Defines.h">
      <Filter>Headerdateien</Filter>
    </ClInclude>
  </ItemGroup>
  <ItemGroup>
    <ClCompile Include="src\Environment\environment.cpp">
      <Filter>Quelldateien</Filter>
    </ClCompile>
    <ClCompile Include="src\Namiono\Common\Filesystem.cpp">
      <Filter>Quelldateien</Filter>
    </ClCompile>
    <ClCompile Include="src\Namiono\Common\Functions.cpp">
      <Filter>Quelldateien</Filter>
    </ClCompile>
    <ClCompile Include="src\Namiono\Network\Packet\Packet.cpp">
      <Filter>Quelldateien</Filter>
    </ClCompile>
    <ClCompile Include="src\Namiono\Network\Server\Interface.cpp">
      <Filter>Quelldateien</Filter>
    </ClCompile>
    <ClCompile Include="src\Namiono\Network\Server\Server.cpp">
      <Filter>Quelldateien</Filter>
    </ClCompile>
    <ClCompile Include="src\Namiono\Network\Network.cpp">
      <Filter>Quelldateien</Filter>
    </ClCompile>
    <ClCompile Include="src\Namiono\Services\DHCP\DHCP_Functions.cpp">
      <Filter>Quelldateien</Filter>
    </ClCompile>
    <ClCompile Include="src\Namiono\Services\DHCP\DHCP_Service.cpp">
      <Filter>Quelldateien</Filter>
    </ClCompile>
    <ClCompile Include="src\Namiono\Services\DHCP\ProxyDHCP_Service.cpp">
      <Filter>Quelldateien</Filter>
    </ClCompile>
    <ClCompile Include="src\Namiono\Services\TFTP\TFTP_Service.cpp">
      <Filter>Quelldateien</Filter>
    </ClCompile>
    <ClCompile Include="src\Namiono\Namiono.cpp">
      <Filter>Quelldateien</Filter>
    </ClCompile>
    <ClCompile Include="src\main.cpp">
      <Filter>Quelldateien</Filter>
    </ClCompile>
    <ClCompile Include="src\Namiono\Network\Client\Client.cpp">
      <Filter>Quelldateien</Filter>
    </ClCompile>
    <ClCompile Include="src\Namiono\Network\Client\DHCP\WDS\WDS_Client.cpp">
      <Filter>Quelldateien</Filter>
    </ClCompile>
    <ClCompile Include="src\Namiono\Network\Client\DHCP\DHCP_Client.cpp">
      <Filter>Quelldateien</Filter>
    </ClCompile>
    <ClCompile Include="src\Namiono\Network\Client\DHCP\BSDP\BSDP_Client.cpp">
      <Filter>Quelldateien</Filter>
    </ClCompile>
    <ClCompile Include="src\Namiono\Network\Client\DHCP\RBCP\RBCP_Client.cpp">
      <Filter>Quelldateien</Filter>
    </ClCompile>
    <ClCompile Include="src\Namiono\Network\Client\DHCP\IPXE\IPXE_Client.cpp">
      <Filter>Quelldateien</Filter>
    </ClCompile>
    <ClCompile Include="src\Namiono\Network\Client\TFTP\TFTP_Client.cpp">
      <Filter>Quelldateien</Filter>
    </ClCompile>
  </ItemGroup>
  <ItemGroup>
    <None Include="TFTP_Root\Boot\x64\wdsnbp.com" />
    <None Include="TFTP_Root\Boot\x64\default.bcd" />
    <None Include="TFTP_Root\Boot\x64\bootmgfw.efi" />
    <None Include="TFTP_Root\Boot\x64\bootmgr.exe" />
    <None Include="TFTP_Root\Boot\x64\pxeboot.n12" />
    <None Include="TFTP_Root\Boot\x64\wdsmgfw.efi" />
    <None Include="TFTP_Root\Boot\x64\boot.sdi" />
    <None Include="Makefile" />
    <None Include=".gitattributes" />
    <None Include=".gitignore" />
    <None Include="README.md" />
    <None Include=".travis.yml" />
    <None Include="TFTP_Root\Boot\x86\default.bcd" />
    <None Include="TFTP_Root\Boot\x86\wdsnbp.com" />
    <None Include="TFTP_Root\Boot\x86\wdsmgfw.efi" />
    <None Include="TFTP_Root\Boot\x86\pxeboot.n12" />
    <None Include="TFTP_Root\Boot\x86\apitest.0" />
    <None Include="TFTP_Root\Boot\x86\bisconfig.0" />
    <None Include="TFTP_Root\Boot\x86\bstrap.0" />
  </ItemGroup>
  <ItemGroup>
    <Font Include="TFTP_Root\Boot\x64\Fonts\wgl4_boot.ttf" />
  </ItemGroup>
  <ItemGroup>
    <Text Include="TFTP_Root\Config\config.txt" />
    <Text Include="TFTP_Root\Config\servers.txt" />
  </ItemGroup>
</Project>