<?xml version="1.0" encoding="utf-8"?>
<Project ToolsVersion="4.0" xmlns="http://schemas.microsoft.com/developer/msbuild/2003">
  <ItemGroup>
    <Filter Include="Quelldateien">
      <UniqueIdentifier>{4FC737F1-C7A5-4376-A066-2A32D752A2FF}</UniqueIdentifier>
      <Extensions>cpp;c;cc;cxx;def;odl;idl;hpj;bat;asm;asmx</Extensions>
    </Filter>
    <Filter Include="Headerdateien">
      <UniqueIdentifier>{93995380-89BD-4b04-88EB-625FBE52EBFB}</UniqueIdentifier>
      <Extensions>h;hh;hpp;hxx;hm;inl;inc;ipp;xsd</Extensions>
    </Filter>
    <Filter Include="Ressourcendateien">
      <UniqueIdentifier>{67DA6AB6-F800-4c08-8B7A-83BB121AAD01}</UniqueIdentifier>
      <Extensions>rc;ico;cur;bmp;dlg;rc2;rct;bin;rgs;gif;jpg;jpeg;jpe;resx;tiff;tif;png;wav;mfcribbon-ms</Extensions>
    </Filter>
  </ItemGroup>
  <ItemGroup>
    <ClCompile Include="Namiono.cpp">
      <Filter>Quelldateien</Filter>
    </ClCompile>
  </ItemGroup>
  <ItemGroup>
    <None Include="Computers.db" />
    <None Include="TFTP_Root\Boot\x64\bootmgfw.efi" />
    <None Include="TFTP_Root\Boot\x64\bootmgr.exe" />
    <None Include="TFTP_Root\Boot\x64\default.bcd" />
    <None Include="TFTP_Root\Boot\x64\pxeboot.n12" />
    <None Include="TFTP_Root\Boot\x64\wdsmgfw.efi" />
    <None Include="TFTP_Root\Boot\x64\wdsnbp.com" />
    <None Include="TFTP_Root\Boot\x86\default.bcd" />
    <None Include="TFTP_Root\Boot\x86\wdsnbp.com" />
    <None Include="TFTP_Root\english\00004e2a.osc" />
    <None Include="TFTP_Root\english\00004e2f.osc" />
    <None Include="TFTP_Root\english\00004e4b.osc" />
    <None Include="TFTP_Root\english\00004e4c.osc" />
    <None Include="TFTP_Root\english\00004e4e.osc" />
    <None Include="TFTP_Root\english\00004e4f.osc" />
    <None Include="TFTP_Root\english\00004e22.osc" />
    <None Include="TFTP_Root\english\00004e23.osc" />
    <None Include="TFTP_Root\english\00004e24.osc" />
    <None Include="TFTP_Root\english\00004e25.osc" />
    <None Include="TFTP_Root\english\00004e26.osc" />
    <None Include="TFTP_Root\english\00004e28.osc" />
    <None Include="TFTP_Root\english\00004e29.osc" />
    <None Include="TFTP_Root\english\00004e30.osc" />
    <None Include="TFTP_Root\english\00004e43.osc" />
    <None Include="TFTP_Root\english\00004e45.osc" />
    <None Include="TFTP_Root\english\00004e47.osc" />
    <None Include="TFTP_Root\english\00004e48.osc" />
    <None Include="TFTP_Root\english\00004e50.osc" />
    <None Include="TFTP_Root\english\00004e51.osc" />
    <None Include="TFTP_Root\english\00004e52.osc" />
    <None Include="TFTP_Root\english\00004e53.osc" />
    <None Include="TFTP_Root\english\choice.osc" />
    <None Include="TFTP_Root\english\choichlp.osc" />
    <None Include="TFTP_Root\english\custhelp.osc" />
    <None Include="TFTP_Root\english\custom.osc" />
    <None Include="TFTP_Root\english\dupauto.osc" />
    <None Include="TFTP_Root\english\dupcust.osc" />
    <None Include="TFTP_Root\english\install.osc" />
    <None Include="TFTP_Root\english\login.osc" />
    <None Include="TFTP_Root\english\loginhlp.osc" />
    <None Include="TFTP_Root\english\nochoice.osc" />
    <None Include="TFTP_Root\english\nooses.osc" />
    <None Include="TFTP_Root\english\osauto.osc" />
    <None Include="TFTP_Root\english\oschoice.osc" />
    <None Include="TFTP_Root\english\oscust.osc" />
    <None Include="TFTP_Root\english\rstrterr.osc" />
    <None Include="TFTP_Root\english\tools.osc" />
    <None Include="TFTP_Root\english\toolshlp.osc" />
    <None Include="TFTP_Root\english\warning.osc" />
    <None Include="TFTP_Root\Boot\x86\bstrap.0" />
    <None Include="TFTP_Root\Boot\x86\apitest.0" />
  </ItemGroup>
  <ItemGroup>
    <Library Include="..\Namiono-Common\SQLITELib.lib" />
  </ItemGroup>
</Project>